
Microsoft Visual Studio Solution File, Format Version 12.00
# Visual Studio 2013
VisualStudioVersion = 12.0.31101.0
MinimumVisualStudioVersion = 10.0.40219.1
Project("{2150E333-8FDC-42A3-9474-1A3956D46DE8}") = "Homeworks", "Homeworks", "{F71220FE-4868-4B1B-9945-64D9E814683B}"
EndProject
Project("{2150E333-8FDC-42A3-9474-1A3956D46DE8}") = "Modules", "Modules", "{A740E613-100B-4E83-B791-4EFE3760596A}"
EndProject
Project("{2150E333-8FDC-42A3-9474-1A3956D46DE8}") = "Lessons", "Lessons", "{E42A18CE-8196-49AF-9172-89AE39EF295F}"
EndProject
Project("{2150E333-8FDC-42A3-9474-1A3956D46DE8}") = "01.Podstawy", "01.Podstawy", "{29EF64F1-5D0A-4064-B738-E08EB9212ED4}"
	ProjectSection(SolutionItems) = preProject
		..\..\Operatory.png = ..\..\Operatory.png
		..\..\..\Downloads\TabelaCS.jpg = ..\..\..\Downloads\TabelaCS.jpg
	EndProjectSection
EndProject
Project("{2150E333-8FDC-42A3-9474-1A3956D46DE8}") = "01.Podstawy", "01.Podstawy", "{55DB4258-070F-415E-9661-29F90D0A40EC}"
EndProject
Project("{2150E333-8FDC-42A3-9474-1A3956D46DE8}") = "01.Podstawy", "01.Podstawy", "{70D11C2E-2B55-40D8-8603-DCE67207E5D8}"
EndProject
Project("{FAE04EC0-301F-11D3-BF4B-00C04F79EFBC}") = "AZmienne_Instrukcje_Komentarze", "Modules\01.Podstawy\Zmienne_Instrukcje_Komentarze\AZmienne_Instrukcje_Komentarze.csproj", "{D37D843E-212C-42EF-8462-BF72F417B8C6}"
EndProject
Project("{FAE04EC0-301F-11D3-BF4B-00C04F79EFBC}") = "BWbudowaneTypyDanych_Operatory", "Modules\01.Podstawy\WbudowaneTypyDanych_Operatory_SterowaniePrzeplywem\BWbudowaneTypyDanych_Operatory.csproj", "{CF0E6292-A29B-43E6-9DD0-318431C41AF9}"
EndProject
Project("{FAE04EC0-301F-11D3-BF4B-00C04F79EFBC}") = "CSterowaniePrzeplywem", "Modules\01.Podstawy\CSterowaniePrzeplywem\CSterowaniePrzeplywem\CSterowaniePrzeplywem.csproj", "{AA1F30DA-0E13-4457-9196-3D3922818B4A}"
EndProject
Project("{FAE04EC0-301F-11D3-BF4B-00C04F79EFBC}") = "DPetle", "Modules\01.Podstawy\DPetle\DPetle\DPetle.csproj", "{9630DA12-A89A-48B3-8F8E-996A3794EF24}"
EndProject
Project("{FAE04EC0-301F-11D3-BF4B-00C04F79EFBC}") = "EMetody", "Modules\01.Podstawy\EMetody\EMetody\EMetody.csproj", "{A2062EDD-D7FE-463A-8D39-81B5675EB975}"
EndProject
Project("{2150E333-8FDC-42A3-9474-1A3956D46DE8}") = "02.Podstawy_obiektowosci", "02.Podstawy_obiektowosci", "{D8DA4FAA-4D79-4641-822A-A269CD83FD49}"
EndProject
Project("{FAE04EC0-301F-11D3-BF4B-00C04F79EFBC}") = "AElementyOrazDefiniowanieKlas", "Modules\02.Podstawy_obiektowosci\AElementyOrazDefiniowanieKlas\AElementyOrazDefiniowanieKlas.csproj", "{ED08B045-EC40-41F0-A36D-FA59F44F4367}"
EndProject
Project("{FAE04EC0-301F-11D3-BF4B-00C04F79EFBC}") = "BTypWyliczeniowy", "Modules\02.Podstawy_obiektowosci\BTypWyliczeniowy\BTypWyliczeniowy\BTypWyliczeniowy.csproj", "{7BFF857A-2464-4F0E-B172-3F8ADC06E615}"
EndProject
Project("{FAE04EC0-301F-11D3-BF4B-00C04F79EFBC}") = "CStruktury", "Modules\02.Podstawy_obiektowosci\CStruktury\CStruktury\CStruktury.csproj", "{E460706B-9E5A-47F6-B0D7-4969EBF3BEA1}"
EndProject
Project("{FAE04EC0-301F-11D3-BF4B-00C04F79EFBC}") = "DPrzeciazenie", "Modules\02.Podstawy_obiektowosci\DPrzeciazenie\DPrzeciazenie\DPrzeciazenie.csproj", "{741CAE39-4F3F-4BDF-91B5-704835421AD5}"
EndProject
Project("{FAE04EC0-301F-11D3-BF4B-00C04F79EFBC}") = "ESkladoweStatyczne", "Modules\02.Podstawy_obiektowosci\ESkladoweStatyczne\ESkladoweStatyczne\ESkladoweStatyczne.csproj", "{F3E15F96-4ECB-4279-8278-6C466B5E4DC3}"
EndProject
Project("{2150E333-8FDC-42A3-9474-1A3956D46DE8}") = "03.RozszerzalnoscIPolimorfizm", "03.RozszerzalnoscIPolimorfizm", "{E1912EB2-9B6D-429C-864F-88CD0F7711E5}"
EndProject
Project("{FAE04EC0-301F-11D3-BF4B-00C04F79EFBC}") = "ADziedziczenie", "Modules\03.RozszerzalnoscIPolimorfizm\ADziedziczenie\ADziedziczenie\ADziedziczenie.csproj", "{35BB0AAB-0D7C-4682-9151-1F6C68D75488}"
EndProject
Global
	GlobalSection(SolutionConfigurationPlatforms) = preSolution
		Debug|Any CPU = Debug|Any CPU
		Release|Any CPU = Release|Any CPU
	EndGlobalSection
	GlobalSection(ProjectConfigurationPlatforms) = postSolution
		{D37D843E-212C-42EF-8462-BF72F417B8C6}.Debug|Any CPU.ActiveCfg = Debug|Any CPU
		{D37D843E-212C-42EF-8462-BF72F417B8C6}.Debug|Any CPU.Build.0 = Debug|Any CPU
		{D37D843E-212C-42EF-8462-BF72F417B8C6}.Release|Any CPU.ActiveCfg = Release|Any CPU
		{D37D843E-212C-42EF-8462-BF72F417B8C6}.Release|Any CPU.Build.0 = Release|Any CPU
		{CF0E6292-A29B-43E6-9DD0-318431C41AF9}.Debug|Any CPU.ActiveCfg = Debug|Any CPU
		{CF0E6292-A29B-43E6-9DD0-318431C41AF9}.Debug|Any CPU.Build.0 = Debug|Any CPU
		{CF0E6292-A29B-43E6-9DD0-318431C41AF9}.Release|Any CPU.ActiveCfg = Release|Any CPU
		{CF0E6292-A29B-43E6-9DD0-318431C41AF9}.Release|Any CPU.Build.0 = Release|Any CPU
		{AA1F30DA-0E13-4457-9196-3D3922818B4A}.Debug|Any CPU.ActiveCfg = Debug|Any CPU
		{AA1F30DA-0E13-4457-9196-3D3922818B4A}.Debug|Any CPU.Build.0 = Debug|Any CPU
		{AA1F30DA-0E13-4457-9196-3D3922818B4A}.Release|Any CPU.ActiveCfg = Release|Any CPU
		{AA1F30DA-0E13-4457-9196-3D3922818B4A}.Release|Any CPU.Build.0 = Release|Any CPU
		{9630DA12-A89A-48B3-8F8E-996A3794EF24}.Debug|Any CPU.ActiveCfg = Debug|Any CPU
		{9630DA12-A89A-48B3-8F8E-996A3794EF24}.Debug|Any CPU.Build.0 = Debug|Any CPU
		{9630DA12-A89A-48B3-8F8E-996A3794EF24}.Release|Any CPU.ActiveCfg = Release|Any CPU
		{9630DA12-A89A-48B3-8F8E-996A3794EF24}.Release|Any CPU.Build.0 = Release|Any CPU
		{A2062EDD-D7FE-463A-8D39-81B5675EB975}.Debug|Any CPU.ActiveCfg = Debug|Any CPU
		{A2062EDD-D7FE-463A-8D39-81B5675EB975}.Debug|Any CPU.Build.0 = Debug|Any CPU
		{A2062EDD-D7FE-463A-8D39-81B5675EB975}.Release|Any CPU.ActiveCfg = Release|Any CPU
		{A2062EDD-D7FE-463A-8D39-81B5675EB975}.Release|Any CPU.Build.0 = Release|Any CPU
		{ED08B045-EC40-41F0-A36D-FA59F44F4367}.Debug|Any CPU.ActiveCfg = Debug|Any CPU
		{ED08B045-EC40-41F0-A36D-FA59F44F4367}.Debug|Any CPU.Build.0 = Debug|Any CPU
		{ED08B045-EC40-41F0-A36D-FA59F44F4367}.Release|Any CPU.ActiveCfg = Release|Any CPU
		{ED08B045-EC40-41F0-A36D-FA59F44F4367}.Release|Any CPU.Build.0 = Release|Any CPU
		{7BFF857A-2464-4F0E-B172-3F8ADC06E615}.Debug|Any CPU.ActiveCfg = Debug|Any CPU
		{7BFF857A-2464-4F0E-B172-3F8ADC06E615}.Debug|Any CPU.Build.0 = Debug|Any CPU
		{7BFF857A-2464-4F0E-B172-3F8ADC06E615}.Release|Any CPU.ActiveCfg = Release|Any CPU
		{7BFF857A-2464-4F0E-B172-3F8ADC06E615}.Release|Any CPU.Build.0 = Release|Any CPU
		{E460706B-9E5A-47F6-B0D7-4969EBF3BEA1}.Debug|Any CPU.ActiveCfg = Debug|Any CPU
		{E460706B-9E5A-47F6-B0D7-4969EBF3BEA1}.Debug|Any CPU.Build.0 = Debug|Any CPU
		{E460706B-9E5A-47F6-B0D7-4969EBF3BEA1}.Release|Any CPU.ActiveCfg = Release|Any CPU
		{E460706B-9E5A-47F6-B0D7-4969EBF3BEA1}.Release|Any CPU.Build.0 = Release|Any CPU
		{741CAE39-4F3F-4BDF-91B5-704835421AD5}.Debug|Any CPU.ActiveCfg = Debug|Any CPU
		{741CAE39-4F3F-4BDF-91B5-704835421AD5}.Debug|Any CPU.Build.0 = Debug|Any CPU
		{741CAE39-4F3F-4BDF-91B5-704835421AD5}.Release|Any CPU.ActiveCfg = Release|Any CPU
		{741CAE39-4F3F-4BDF-91B5-704835421AD5}.Release|Any CPU.Build.0 = Release|Any CPU
		{F3E15F96-4ECB-4279-8278-6C466B5E4DC3}.Debug|Any CPU.ActiveCfg = Debug|Any CPU
		{F3E15F96-4ECB-4279-8278-6C466B5E4DC3}.Debug|Any CPU.Build.0 = Debug|Any CPU
		{F3E15F96-4ECB-4279-8278-6C466B5E4DC3}.Release|Any CPU.ActiveCfg = Release|Any CPU
		{F3E15F96-4ECB-4279-8278-6C466B5E4DC3}.Release|Any CPU.Build.0 = Release|Any CPU
		{35BB0AAB-0D7C-4682-9151-1F6C68D75488}.Debug|Any CPU.ActiveCfg = Debug|Any CPU
		{35BB0AAB-0D7C-4682-9151-1F6C68D75488}.Debug|Any CPU.Build.0 = Debug|Any CPU
		{35BB0AAB-0D7C-4682-9151-1F6C68D75488}.Release|Any CPU.ActiveCfg = Release|Any CPU
		{35BB0AAB-0D7C-4682-9151-1F6C68D75488}.Release|Any CPU.Build.0 = Release|Any CPU
	EndGlobalSection
	GlobalSection(SolutionProperties) = preSolution
		HideSolutionNode = FALSE
	EndGlobalSection
	GlobalSection(NestedProjects) = preSolution
		{29EF64F1-5D0A-4064-B738-E08EB9212ED4} = {A740E613-100B-4E83-B791-4EFE3760596A}
		{55DB4258-070F-415E-9661-29F90D0A40EC} = {F71220FE-4868-4B1B-9945-64D9E814683B}
		{70D11C2E-2B55-40D8-8603-DCE67207E5D8} = {E42A18CE-8196-49AF-9172-89AE39EF295F}
		{D37D843E-212C-42EF-8462-BF72F417B8C6} = {29EF64F1-5D0A-4064-B738-E08EB9212ED4}
		{CF0E6292-A29B-43E6-9DD0-318431C41AF9} = {29EF64F1-5D0A-4064-B738-E08EB9212ED4}
		{AA1F30DA-0E13-4457-9196-3D3922818B4A} = {29EF64F1-5D0A-4064-B738-E08EB9212ED4}
		{9630DA12-A89A-48B3-8F8E-996A3794EF24} = {29EF64F1-5D0A-4064-B738-E08EB9212ED4}
		{A2062EDD-D7FE-463A-8D39-81B5675EB975} = {29EF64F1-5D0A-4064-B738-E08EB9212ED4}
		{D8DA4FAA-4D79-4641-822A-A269CD83FD49} = {A740E613-100B-4E83-B791-4EFE3760596A}
		{ED08B045-EC40-41F0-A36D-FA59F44F4367} = {D8DA4FAA-4D79-4641-822A-A269CD83FD49}
		{7BFF857A-2464-4F0E-B172-3F8ADC06E615} = {D8DA4FAA-4D79-4641-822A-A269CD83FD49}
		{E460706B-9E5A-47F6-B0D7-4969EBF3BEA1} = {D8DA4FAA-4D79-4641-822A-A269CD83FD49}
		{741CAE39-4F3F-4BDF-91B5-704835421AD5} = {D8DA4FAA-4D79-4641-822A-A269CD83FD49}
		{F3E15F96-4ECB-4279-8278-6C466B5E4DC3} = {D8DA4FAA-4D79-4641-822A-A269CD83FD49}
		{E1912EB2-9B6D-429C-864F-88CD0F7711E5} = {A740E613-100B-4E83-B791-4EFE3760596A}
		{35BB0AAB-0D7C-4682-9151-1F6C68D75488} = {E1912EB2-9B6D-429C-864F-88CD0F7711E5}
	EndGlobalSection
EndGlobal
